
Microsoft Visual Studio Solution File, Format Version 12.00
# Visual Studio Version 16
VisualStudioVersion = 16.0.30804.86
MinimumVisualStudioVersion = 10.0.40219.1
Project("{FAE04EC0-301F-11D3-BF4B-00C04F79EFBC}") = "feladatok12_1", "feladatok12_1\feladatok12_1.csproj", "{ED72507B-0764-4B91-9A2E-1AD34CCE37D2}"
EndProject
Project("{FAE04EC0-301F-11D3-BF4B-00C04F79EFBC}") = "feladatok12_2", "feladatok12_2\feladatok12_2.csproj", "{29C4DD42-3E9D-41E1-BA17-883C54047C55}"
EndProject
Project("{FAE04EC0-301F-11D3-BF4B-00C04F79EFBC}") = "feladatok12_3", "feladatok12_3\feladatok12_3.csproj", "{70B344C1-7460-4A6E-93CA-47A0968079DA}"
EndProject
Project("{FAE04EC0-301F-11D3-BF4B-00C04F79EFBC}") = "feladatok12_4", "feladatok12_4\feladatok12_4.csproj", "{464A865A-74C7-4639-9D20-501A496575ED}"
EndProject
Project("{FAE04EC0-301F-11D3-BF4B-00C04F79EFBC}") = "feladatok12_5", "feladatok12_5\feladatok12_5.csproj", "{F2D4463B-4AC3-4067-8392-B36A6A61B55D}"
EndProject
Project("{FAE04EC0-301F-11D3-BF4B-00C04F79EFBC}") = "feladatok12_6", "feladatok12_6\feladatok12_6.csproj", "{FF67303E-47A7-48F4-B93E-AC3C26432079}"
EndProject
Project("{FAE04EC0-301F-11D3-BF4B-00C04F79EFBC}") = "feladatok12_7", "feladatok12_7\feladatok12_7.csproj", "{1D29A54B-32AE-4A61-846D-09D054F4C088}"
EndProject
Project("{FAE04EC0-301F-11D3-BF4B-00C04F79EFBC}") = "feladatok12_8", "feladatok12_8\feladatok12_8.csproj", "{7113A470-92C7-44F9-B738-CCBF0851C001}"
EndProject
Project("{FAE04EC0-301F-11D3-BF4B-00C04F79EFBC}") = "feladatok12_9", "feladatok12_9\feladatok12_9.csproj", "{2788D94E-6EA8-4365-A600-E70D192A2484}"
EndProject
Project("{FAE04EC0-301F-11D3-BF4B-00C04F79EFBC}") = "feladatok12_10", "feladatok12_10\feladatok12_10.csproj", "{C30B7A66-D27A-46F0-A83D-62302C133A8B}"
EndProject
Project("{FAE04EC0-301F-11D3-BF4B-00C04F79EFBC}") = "feladatok12_11", "feladatok12_11\feladatok12_11.csproj", "{43AF595E-A588-44E5-9472-40B7886771A5}"
EndProject
Project("{FAE04EC0-301F-11D3-BF4B-00C04F79EFBC}") = "feladatok12_12", "feladatok12_12\feladatok12_12.csproj", "{ABE5E765-488E-4F3F-8382-AECB61C7D472}"
EndProject
Project("{FAE04EC0-301F-11D3-BF4B-00C04F79EFBC}") = "feladatok12_13", "feladatok12_13\feladatok12_13.csproj", "{713F7FCC-B87D-4EEA-AF55-797EE39BD844}"
EndProject
Project("{FAE04EC0-301F-11D3-BF4B-00C04F79EFBC}") = "feladatok12_15", "feladatok12_15\feladatok12_15.csproj", "{0FD25CEB-EAB1-4BB7-B7DA-DA02CB991D39}"
EndProject
Global
	GlobalSection(SolutionConfigurationPlatforms) = preSolution
		Debug|Any CPU = Debug|Any CPU
		Release|Any CPU = Release|Any CPU
	EndGlobalSection
	GlobalSection(ProjectConfigurationPlatforms) = postSolution
		{ED72507B-0764-4B91-9A2E-1AD34CCE37D2}.Debug|Any CPU.ActiveCfg = Debug|Any CPU
		{ED72507B-0764-4B91-9A2E-1AD34CCE37D2}.Debug|Any CPU.Build.0 = Debug|Any CPU
		{ED72507B-0764-4B91-9A2E-1AD34CCE37D2}.Release|Any CPU.ActiveCfg = Release|Any CPU
		{ED72507B-0764-4B91-9A2E-1AD34CCE37D2}.Release|Any CPU.Build.0 = Release|Any CPU
		{29C4DD42-3E9D-41E1-BA17-883C54047C55}.Debug|Any CPU.ActiveCfg = Debug|Any CPU
		{29C4DD42-3E9D-41E1-BA17-883C54047C55}.Debug|Any CPU.Build.0 = Debug|Any CPU
		{29C4DD42-3E9D-41E1-BA17-883C54047C55}.Release|Any CPU.ActiveCfg = Release|Any CPU
		{29C4DD42-3E9D-41E1-BA17-883C54047C55}.Release|Any CPU.Build.0 = Release|Any CPU
		{70B344C1-7460-4A6E-93CA-47A0968079DA}.Debug|Any CPU.ActiveCfg = Debug|Any CPU
		{70B344C1-7460-4A6E-93CA-47A0968079DA}.Debug|Any CPU.Build.0 = Debug|Any CPU
		{70B344C1-7460-4A6E-93CA-47A0968079DA}.Release|Any CPU.ActiveCfg = Release|Any CPU
		{70B344C1-7460-4A6E-93CA-47A0968079DA}.Release|Any CPU.Build.0 = Release|Any CPU
		{464A865A-74C7-4639-9D20-501A496575ED}.Debug|Any CPU.ActiveCfg = Debug|Any CPU
		{464A865A-74C7-4639-9D20-501A496575ED}.Debug|Any CPU.Build.0 = Debug|Any CPU
		{464A865A-74C7-4639-9D20-501A496575ED}.Release|Any CPU.ActiveCfg = Release|Any CPU
		{464A865A-74C7-4639-9D20-501A496575ED}.Release|Any CPU.Build.0 = Release|Any CPU
		{F2D4463B-4AC3-4067-8392-B36A6A61B55D}.Debug|Any CPU.ActiveCfg = Debug|Any CPU
		{F2D4463B-4AC3-4067-8392-B36A6A61B55D}.Debug|Any CPU.Build.0 = Debug|Any CPU
		{F2D4463B-4AC3-4067-8392-B36A6A61B55D}.Release|Any CPU.ActiveCfg = Release|Any CPU
		{F2D4463B-4AC3-4067-8392-B36A6A61B55D}.Release|Any CPU.Build.0 = Release|Any CPU
		{FF67303E-47A7-48F4-B93E-AC3C26432079}.Debug|Any CPU.ActiveCfg = Debug|Any CPU
		{FF67303E-47A7-48F4-B93E-AC3C26432079}.Debug|Any CPU.Build.0 = Debug|Any CPU
		{FF67303E-47A7-48F4-B93E-AC3C26432079}.Release|Any CPU.ActiveCfg = Release|Any CPU
		{FF67303E-47A7-48F4-B93E-AC3C26432079}.Release|Any CPU.Build.0 = Release|Any CPU
		{1D29A54B-32AE-4A61-846D-09D054F4C088}.Debug|Any CPU.ActiveCfg = Debug|Any CPU
		{1D29A54B-32AE-4A61-846D-09D054F4C088}.Debug|Any CPU.Build.0 = Debug|Any CPU
		{1D29A54B-32AE-4A61-846D-09D054F4C088}.Release|Any CPU.ActiveCfg = Release|Any CPU
		{1D29A54B-32AE-4A61-846D-09D054F4C088}.Release|Any CPU.Build.0 = Release|Any CPU
		{7113A470-92C7-44F9-B738-CCBF0851C001}.Debug|Any CPU.ActiveCfg = Debug|Any CPU
		{7113A470-92C7-44F9-B738-CCBF0851C001}.Debug|Any CPU.Build.0 = Debug|Any CPU
		{7113A470-92C7-44F9-B738-CCBF0851C001}.Release|Any CPU.ActiveCfg = Release|Any CPU
		{7113A470-92C7-44F9-B738-CCBF0851C001}.Release|Any CPU.Build.0 = Release|Any CPU
		{2788D94E-6EA8-4365-A600-E70D192A2484}.Debug|Any CPU.ActiveCfg = Debug|Any CPU
		{2788D94E-6EA8-4365-A600-E70D192A2484}.Debug|Any CPU.Build.0 = Debug|Any CPU
		{2788D94E-6EA8-4365-A600-E70D192A2484}.Release|Any CPU.ActiveCfg = Release|Any CPU
		{2788D94E-6EA8-4365-A600-E70D192A2484}.Release|Any CPU.Build.0 = Release|Any CPU
		{C30B7A66-D27A-46F0-A83D-62302C133A8B}.Debug|Any CPU.ActiveCfg = Debug|Any CPU
		{C30B7A66-D27A-46F0-A83D-62302C133A8B}.Debug|Any CPU.Build.0 = Debug|Any CPU
		{C30B7A66-D27A-46F0-A83D-62302C133A8B}.Release|Any CPU.ActiveCfg = Release|Any CPU
		{C30B7A66-D27A-46F0-A83D-62302C133A8B}.Release|Any CPU.Build.0 = Release|Any CPU
		{43AF595E-A588-44E5-9472-40B7886771A5}.Debug|Any CPU.ActiveCfg = Debug|Any CPU
		{43AF595E-A588-44E5-9472-40B7886771A5}.Debug|Any CPU.Build.0 = Debug|Any CPU
		{43AF595E-A588-44E5-9472-40B7886771A5}.Release|Any CPU.ActiveCfg = Release|Any CPU
		{43AF595E-A588-44E5-9472-40B7886771A5}.Release|Any CPU.Build.0 = Release|Any CPU
		{ABE5E765-488E-4F3F-8382-AECB61C7D472}.Debug|Any CPU.ActiveCfg = Debug|Any CPU
		{ABE5E765-488E-4F3F-8382-AECB61C7D472}.Debug|Any CPU.Build.0 = Debug|Any CPU
		{ABE5E765-488E-4F3F-8382-AECB61C7D472}.Release|Any CPU.ActiveCfg = Release|Any CPU
		{ABE5E765-488E-4F3F-8382-AECB61C7D472}.Release|Any CPU.Build.0 = Release|Any CPU
		{713F7FCC-B87D-4EEA-AF55-797EE39BD844}.Debug|Any CPU.ActiveCfg = Debug|Any CPU
		{713F7FCC-B87D-4EEA-AF55-797EE39BD844}.Debug|Any CPU.Build.0 = Debug|Any CPU
		{713F7FCC-B87D-4EEA-AF55-797EE39BD844}.Release|Any CPU.ActiveCfg = Release|Any CPU
		{713F7FCC-B87D-4EEA-AF55-797EE39BD844}.Release|Any CPU.Build.0 = Release|Any CPU
		{0FD25CEB-EAB1-4BB7-B7DA-DA02CB991D39}.Debug|Any CPU.ActiveCfg = Debug|Any CPU
		{0FD25CEB-EAB1-4BB7-B7DA-DA02CB991D39}.Debug|Any CPU.Build.0 = Debug|Any CPU
		{0FD25CEB-EAB1-4BB7-B7DA-DA02CB991D39}.Release|Any CPU.ActiveCfg = Release|Any CPU
		{0FD25CEB-EAB1-4BB7-B7DA-DA02CB991D39}.Release|Any CPU.Build.0 = Release|Any CPU
	EndGlobalSection
	GlobalSection(SolutionProperties) = preSolution
		HideSolutionNode = FALSE
	EndGlobalSection
	GlobalSection(ExtensibilityGlobals) = postSolution
		SolutionGuid = {2A01C81C-CDBA-4E21-8232-11BEB4F9705E}
	EndGlobalSection
EndGlobal
